// !$*UTF8*$!
{
	archiveVersion = 1;
	classes = {
	};
	objectVersion = 48;
	objects = {

/* Begin PBXBuildFile section */
		09FEDDED20163D11007A131A /* AppDelegate.m in Sources */ = {isa = PBXBuildFile; fileRef = 09FEDDEC20163D11007A131A /* AppDelegate.m */; };
		09FEDDF320163D11007A131A /* Main.storyboard in Resources */ = {isa = PBXBuildFile; fileRef = 09FEDDF120163D11007A131A /* Main.storyboard */; };
		09FEDDF520163D11007A131A /* Assets.xcassets in Resources */ = {isa = PBXBuildFile; fileRef = 09FEDDF420163D11007A131A /* Assets.xcassets */; };
		09FEDDF820163D11007A131A /* LaunchScreen.storyboard in Resources */ = {isa = PBXBuildFile; fileRef = 09FEDDF620163D11007A131A /* LaunchScreen.storyboard */; };
		09FEDDFB20163D11007A131A /* main.m in Sources */ = {isa = PBXBuildFile; fileRef = 09FEDDFA20163D11007A131A /* main.m */; };
		09FEDE0320163D8D007A131A /* UsuariosTableViewController.m in Sources */ = {isa = PBXBuildFile; fileRef = 09FEDE0220163D8D007A131A /* UsuariosTableViewController.m */; };
/* End PBXBuildFile section */

/* Begin PBXFileReference section */
		09FEDDE820163D11007A131A /* PruebasJSONRed.app */ = {isa = PBXFileReference; explicitFileType = wrapper.application; includeInIndex = 0; path = PruebasJSONRed.app; sourceTree = BUILT_PRODUCTS_DIR; };
		09FEDDEB20163D11007A131A /* AppDelegate.h */ = {isa = PBXFileReference; lastKnownFileType = sourcecode.c.h; path = AppDelegate.h; sourceTree = "<group>"; };
		09FEDDEC20163D11007A131A /* AppDelegate.m */ = {isa = PBXFileReference; lastKnownFileType = sourcecode.c.objc; path = AppDelegate.m; sourceTree = "<group>"; };
		09FEDDF220163D11007A131A /* Base */ = {isa = PBXFileReference; lastKnownFileType = file.storyboard; name = Base; path = Base.lproj/Main.storyboard; sourceTree = "<group>"; };
		09FEDDF420163D11007A131A /* Assets.xcassets */ = {isa = PBXFileReference; lastKnownFileType = folder.assetcatalog; path = Assets.xcassets; sourceTree = "<group>"; };
		09FEDDF720163D11007A131A /* Base */ = {isa = PBXFileReference; lastKnownFileType = file.storyboard; name = Base; path = Base.lproj/LaunchScreen.storyboard; sourceTree = "<group>"; };
		09FEDDF920163D11007A131A /* Info.plist */ = {isa = PBXFileReference; lastKnownFileType = text.plist.xml; path = Info.plist; sourceTree = "<group>"; };
		09FEDDFA20163D11007A131A /* main.m */ = {isa = PBXFileReference; lastKnownFileType = sourcecode.c.objc; path = main.m; sourceTree = "<group>"; };
		09FEDE0120163D8D007A131A /* UsuariosTableViewController.h */ = {isa = PBXFileReference; lastKnownFileType = sourcecode.c.h; path = UsuariosTableViewController.h; sourceTree = "<group>"; };
		09FEDE0220163D8D007A131A /* UsuariosTableViewController.m */ = {isa = PBXFileReference; lastKnownFileType = sourcecode.c.objc; path = UsuariosTableViewController.m; sourceTree = "<group>"; };
/* End PBXFileReference section */

/* Begin PBXFrameworksBuildPhase section */
		09FEDDE520163D11007A131A /* Frameworks */ = {
			isa = PBXFrameworksBuildPhase;
			buildActionMask = 2147483647;
			files = (
			);
			runOnlyForDeploymentPostprocessing = 0;
		};
/* End PBXFrameworksBuildPhase section */

/* Begin PBXGroup section */
		09FEDDDF20163D11007A131A = {
			isa = PBXGroup;
			children = (
				09FEDDEA20163D11007A131A /* PruebasJSONRed */,
				09FEDDE920163D11007A131A /* Products */,
			);
			sourceTree = "<group>";
		};
		09FEDDE920163D11007A131A /* Products */ = {
			isa = PBXGroup;
			children = (
				09FEDDE820163D11007A131A /* PruebasJSONRed.app */,
			);
			name = Products;
			sourceTree = "<group>";
		};
		09FEDDEA20163D11007A131A /* PruebasJSONRed */ = {
			isa = PBXGroup;
			children = (
				09FEDDEB20163D11007A131A /* AppDelegate.h */,
				09FEDDEC20163D11007A131A /* AppDelegate.m */,
				09FEDDF120163D11007A131A /* Main.storyboard */,
				09FEDDF420163D11007A131A /* Assets.xcassets */,
				09FEDDF620163D11007A131A /* LaunchScreen.storyboard */,
				09FEDDF920163D11007A131A /* Info.plist */,
				09FEDDFA20163D11007A131A /* main.m */,
				09FEDE0120163D8D007A131A /* UsuariosTableViewController.h */,
				09FEDE0220163D8D007A131A /* UsuariosTableViewController.m */,
			);
			path = PruebasJSONRed;
			sourceTree = "<group>";
		};
/* End PBXGroup section */

/* Begin PBXNativeTarget section */
		09FEDDE720163D11007A131A /* PruebasJSONRed */ = {
			isa = PBXNativeTarget;
			buildConfigurationList = 09FEDDFE20163D11007A131A /* Build configuration list for PBXNativeTarget "PruebasJSONRed" */;
			buildPhases = (
				09FEDDE420163D11007A131A /* Sources */,
				09FEDDE520163D11007A131A /* Frameworks */,
				09FEDDE620163D11007A131A /* Resources */,
			);
			buildRules = (
			);
			dependencies = (
			);
			name = PruebasJSONRed;
			productName = PruebasJSONRed;
			productReference = 09FEDDE820163D11007A131A /* PruebasJSONRed.app */;
			productType = "com.apple.product-type.application";
		};
/* End PBXNativeTarget section */

/* Begin PBXProject section */
		09FEDDE020163D11007A131A /* Project object */ = {
			isa = PBXProject;
			attributes = {
				LastUpgradeCheck = 0900;
				ORGANIZATIONNAME = TATINC;
				TargetAttributes = {
					09FEDDE720163D11007A131A = {
						CreatedOnToolsVersion = 9.0;
						ProvisioningStyle = Automatic;
					};
				};
			};
			buildConfigurationList = 09FEDDE320163D11007A131A /* Build configuration list for PBXProject "PruebasJSONRed" */;
			compatibilityVersion = "Xcode 8.0";
			developmentRegion = en;
			hasScannedForEncodings = 0;
			knownRegions = (
				en,
				Base,
			);
			mainGroup = 09FEDDDF20163D11007A131A;
			productRefGroup = 09FEDDE920163D11007A131A /* Products */;
			projectDirPath = "";
			projectRoot = "";
			targets = (
				09FEDDE720163D11007A131A /* PruebasJSONRed */,
			);
		};
/* End PBXProject section */

/* Begin PBXResourcesBuildPhase section */
		09FEDDE620163D11007A131A /* Resources */ = {
			isa = PBXResourcesBuildPhase;
			buildActionMask = 2147483647;
			files = (
				09FEDDF820163D11007A131A /* LaunchScreen.storyboard in Resources */,
				09FEDDF520163D11007A131A /* Assets.xcassets in Resources */,
				09FEDDF320163D11007A131A /* Main.storyboard in Resources */,
			);
			runOnlyForDeploymentPostprocessing = 0;
		};
/* End PBXResourcesBuildPhase section */

/* Begin PBXSourcesBuildPhase section */
		09FEDDE420163D11007A131A /* Sources */ = {
			isa = PBXSourcesBuildPhase;
			buildActionMask = 2147483647;
			files = (
				09FEDDFB20163D11007A131A /* main.m in Sources */,
				09FEDE0320163D8D007A131A /* UsuariosTableViewController.m in Sources */,
				09FEDDED20163D11007A131A /* AppDelegate.m in Sources */,
			);
			runOnlyForDeploymentPostprocessing = 0;
		};
/* End PBXSourcesBuildPhase section */

/* Begin PBXVariantGroup section */
		09FEDDF120163D11007A131A /* Main.storyboard */ = {
			isa = PBXVariantGroup;
			children = (
				09FEDDF220163D11007A131A /* Base */,
			);
			name = Main.storyboard;
			sourceTree = "<group>";
		};
		09FEDDF620163D11007A131A /* LaunchScreen.storyboard */ = {
			isa = PBXVariantGroup;
			children = (
				09FEDDF720163D11007A131A /* Base */,
			);
			name = LaunchScreen.storyboard;
			sourceTree = "<group>";
		};
/* End PBXVariantGroup section */

/* Begin XCBuildConfiguration section */
		09FEDDFC20163D11007A131A /* Debug */ = {
			isa = XCBuildConfiguration;
			buildSettings = {
				ALWAYS_SEARCH_USER_PATHS = NO;
				CLANG_ANALYZER_NONNULL = YES;
				CLANG_ANALYZER_NUMBER_OBJECT_CONVERSION = YES_AGGRESSIVE;
				CLANG_CXX_LANGUAGE_STANDARD = "gnu++14";
				CLANG_CXX_LIBRARY = "libc++";
				CLANG_ENABLE_MODULES = YES;
				CLANG_ENABLE_OBJC_ARC = YES;
				CLANG_WARN_BLOCK_CAPTURE_AUTORELEASING = YES;
				CLANG_WARN_BOOL_CONVERSION = YES;
				CLANG_WARN_COMMA = YES;
				CLANG_WARN_CONSTANT_CONVERSION = YES;
				CLANG_WARN_DIRECT_OBJC_ISA_USAGE = YES_ERROR;
				CLANG_WARN_DOCUMENTATION_COMMENTS = YES;
				CLANG_WARN_EMPTY_BODY = YES;
				CLANG_WARN_ENUM_CONVERSION = YES;
				CLANG_WARN_INFINITE_RECURSION = YES;
				CLANG_WARN_INT_CONVERSION = YES;
				CLANG_WARN_NON_LITERAL_NULL_CONVERSION = YES;
				CLANG_WARN_OBJC_LITERAL_CONVERSION = YES;
				CLANG_WARN_OBJC_ROOT_CLASS = YES_ERROR;
				CLANG_WARN_RANGE_LOOP_ANALYSIS = YES;
				CLANG_WARN_STRICT_PROTOTYPES = YES;
				CLANG_WARN_SUSPICIOUS_MOVE = YES;
				CLANG_WARN_UNGUARDED_AVAILABILITY = YES_AGGRESSIVE;
				CLANG_WARN_UNREACHABLE_CODE = YES;
				CLANG_WARN__DUPLICATE_METHOD_MATCH = YES;
				CODE_SIGN_IDENTITY = "iPhone Developer";
				COPY_PHASE_STRIP = NO;
				DEBUG_INFORMATION_FORMAT = dwarf;
				ENABLE_STRICT_OBJC_MSGSEND = YES;
				ENABLE_TESTABILITY = YES;
				GCC_C_LANGUAGE_STANDARD = gnu11;
				GCC_DYNAMIC_NO_PIC = NO;
				GCC_NO_COMMON_BLOCKS = YES;
				GCC_OPTIMIZATION_LEVEL = 0;
				GCC_PREPROCESSOR_DEFINITIONS = (
					"DEBUG=1",
					"$(inherited)",
				);
				GCC_WARN_64_TO_32_BIT_CONVERSION = YES;
				GCC_WARN_ABOUT_RETURN_TYPE = YES_ERROR;
				GCC_WARN_UNDECLARED_SELECTOR = YES;
				GCC_WARN_UNINITIALIZED_AUTOS = YES_AGGRESSIVE;
				GCC_WARN_UNUSED_FUNCTION = YES;
				GCC_WARN_UNUSED_VARIABLE = YES;
				IPHONEOS_DEPLOYMENT_TARGET = 11.0;
				MTL_ENABLE_DEBUG_INFO = YES;
				ONLY_ACTIVE_ARCH = YES;
				SDKROOT = iphoneos;
			};
			name = Debug;
		};
		09FEDDFD20163D11007A131A /* Release */ = {
			isa = XCBuildConfiguration;
			buildSettings = {
				ALWAYS_SEARCH_USER_PATHS = NO;
				CLANG_ANALYZER_NONNULL = YES;
				CLANG_ANALYZER_NUMBER_OBJECT_CONVERSION = YES_AGGRESSIVE;
				CLANG_CXX_LANGUAGE_STANDARD = "gnu++14";
				CLANG_CXX_LIBRARY = "libc++";
				CLANG_ENABLE_MODULES = YES;
				CLANG_ENABLE_OBJC_ARC = YES;
				CLANG_WARN_BLOCK_CAPTURE_AUTORELEASING = YES;
				CLANG_WARN_BOOL_CONVERSION = YES;
				CLANG_WARN_COMMA = YES;
				CLANG_WARN_CONSTANT_CONVERSION = YES;
				CLANG_WARN_DIRECT_OBJC_ISA_USAGE = YES_ERROR;
				CLANG_WARN_DOCUMENTATION_COMMENTS = YES;
				CLANG_WARN_EMPTY_BODY = YES;
				CLANG_WARN_ENUM_CONVERSION = YES;
				CLANG_WARN_INFINITE_RECURSION = YES;
				CLANG_WARN_INT_CONVERSION = YES;
				CLANG_WARN_NON_LITERAL_NULL_CONVERSION = YES;
				CLANG_WARN_OBJC_LITERAL_CONVERSION = YES;
				CLANG_WARN_OBJC_ROOT_CLASS = YES_ERROR;
				CLANG_WARN_RANGE_LOOP_ANALYSIS = YES;
				CLANG_WARN_STRICT_PROTOTYPES = YES;
				CLANG_WARN_SUSPICIOUS_MOVE = YES;
				CLANG_WARN_UNGUARDED_AVAILABILITY = YES_AGGRESSIVE;
				CLANG_WARN_UNREACHABLE_CODE = YES;
				CLANG_WARN__DUPLICATE_METHOD_MATCH = YES;
				CODE_SIGN_IDENTITY = "iPhone Developer";
				COPY_PHASE_STRIP = NO;
				DEBUG_INFORMATION_FORMAT = "dwarf-with-dsym";
				ENABLE_NS_ASSERTIONS = NO;
				ENABLE_STRICT_OBJC_MSGSEND = YES;
				GCC_C_LANGUAGE_STANDARD = gnu11;
				GCC_NO_COMMON_BLOCKS = YES;
				GCC_WARN_64_TO_32_BIT_CONVERSION = YES;
				GCC_WARN_ABOUT_RETURN_TYPE = YES_ERROR;
				GCC_WARN_UNDECLARED_SELECTOR = YES;
				GCC_WARN_UNINITIALIZED_AUTOS = YES_AGGRESSIVE;
				GCC_WARN_UNUSED_FUNCTION = YES;
				GCC_WARN_UNUSED_VARIABLE = YES;
				IPHONEOS_DEPLOYMENT_TARGET = 11.0;
				MTL_ENABLE_DEBUG_INFO = NO;
				SDKROOT = iphoneos;
				VALIDATE_PRODUCT = YES;
			};
			name = Release;
		};
		09FEDDFF20163D11007A131A /* Debug */ = {
			isa = XCBuildConfiguration;
			buildSettings = {
				ASSETCATALOG_COMPILER_APPICON_NAME = AppIcon;
				CODE_SIGN_STYLE = Automatic;
				INFOPLIST_FILE = PruebasJSONRed/Info.plist;
				LD_RUNPATH_SEARCH_PATHS = "$(inherited) @executable_path/Frameworks";
				PRODUCT_BUNDLE_IDENTIFIER = com.TATINC.PruebasJSONRed;
				PRODUCT_NAME = "$(TARGET_NAME)";
				TARGETED_DEVICE_FAMILY = "1,2";
			};
			name = Debug;
		};
		09FEDE0020163D11007A131A /* Release */ = {
			isa = XCBuildConfiguration;
			buildSettings = {
				ASSETCATALOG_COMPILER_APPICON_NAME = AppIcon;
				CODE_SIGN_STYLE = Automatic;
				INFOPLIST_FILE = PruebasJSONRed/Info.plist;
				LD_RUNPATH_SEARCH_PATHS = "$(inherited) @executable_path/Frameworks";
				PRODUCT_BUNDLE_IDENTIFIER = com.TATINC.PruebasJSONRed;
				PRODUCT_NAME = "$(TARGET_NAME)";
				TARGETED_DEVICE_FAMILY = "1,2";
			};
			name = Release;
		};
/* End XCBuildConfiguration section */

/* Begin XCConfigurationList section */
		09FEDDE320163D11007A131A /* Build configuration list for PBXProject "PruebasJSONRed" */ = {
			isa = XCConfigurationList;
			buildConfigurations = (
				09FEDDFC20163D11007A131A /* Debug */,
				09FEDDFD20163D11007A131A /* Release */,
			);
			defaultConfigurationIsVisible = 0;
			defaultConfigurationName = Release;
		};
		09FEDDFE20163D11007A131A /* Build configuration list for PBXNativeTarget "PruebasJSONRed" */ = {
			isa = XCConfigurationList;
			buildConfigurations = (
				09FEDDFF20163D11007A131A /* Debug */,
				09FEDE0020163D11007A131A /* Release */,
			);
			defaultConfigurationIsVisible = 0;
			defaultConfigurationName = Release;
		};
/* End XCConfigurationList section */
	};
	rootObject = 09FEDDE020163D11007A131A /* Project object */;
}
